{
  "requires": true,
  "lockfileVersion": 1,
  "dependencies": {
    "@firebase/analytics": {
      "version": "0.2.13",
      "resolved": "https://registry.npm.taobao.org/@firebase/analytics/download/@firebase/analytics-0.2.13.tgz?cache=0&sync_timestamp=1581639341838&other_urls=https%3A%2F%2Fregistry.npm.taobao.org%2F%40firebase%2Fanalytics%2Fdownload%2F%40firebase%2Fanalytics-0.2.13.tgz",
      "integrity": "sha1-Vfqp16h/oIt2TAjT4Cbacdp3V3o=",
      "requires": {
        "@firebase/analytics-types": "0.2.6",
        "@firebase/component": "0.1.5",
        "@firebase/installations": "0.4.2",
        "@firebase/util": "0.2.40",
        "tslib": "1.10.0"
      }
    },
    "@firebase/analytics-types": {
      "version": "0.2.6",
      "resolved": "https://registry.npm.taobao.org/@firebase/analytics-types/download/@firebase/analytics-types-0.2.6.tgz?cache=0&sync_timestamp=1581639341448&other_urls=https%3A%2F%2Fregistry.npm.taobao.org%2F%40firebase%2Fanalytics-types%2Fdownload%2F%40firebase%2Fanalytics-types-0.2.6.tgz",
      "integrity": "sha1-yPQQLCxkkvVjpTOBoNtiDdasFxE="
    },
    "@firebase/app": {
      "version": "0.5.4",
      "resolved": "https://registry.npm.taobao.org/@firebase/app/download/@firebase/app-0.5.4.tgz",
      "integrity": "sha1-PCPqvQ87L0jao1MPbGsY7rlqjsI=",
      "requires": {
        "@firebase/app-types": "0.5.1",
        "@firebase/component": "0.1.5",
        "@firebase/logger": "0.1.35",
        "@firebase/util": "0.2.40",
        "dom-storage": "2.1.0",
        "tslib": "1.10.0",
        "xmlhttprequest": "1.8.0"
      }
    },
    "@firebase/app-types": {
      "version": "0.5.1",
      "resolved": "https://registry.npm.taobao.org/@firebase/app-types/download/@firebase/app-types-0.5.1.tgz",
      "integrity": "sha1-it1B0QxTN1moCjdtCdJK8KEAk0M="
    },
    "@firebase/auth": {
      "version": "0.13.5",
      "resolved": "https://registry.npm.taobao.org/@firebase/auth/download/@firebase/auth-0.13.5.tgz",
      "integrity": "sha1-L8CuyJdERj0+FGCL9v4obyNBjaM=",
      "requires": {
        "@firebase/auth-types": "0.9.5"
      }
    },
    "@firebase/auth-interop-types": {
      "version": "0.1.2",
      "resolved": "https://registry.npm.taobao.org/@firebase/auth-interop-types/download/@firebase/auth-interop-types-0.1.2.tgz",
      "integrity": "sha1-L3aro5tPIsUrtLLrfzG+tuwxKzM="
    },
    "@firebase/auth-types": {
      "version": "0.9.5",
      "resolved": "https://registry.npm.taobao.org/@firebase/auth-types/download/@firebase/auth-types-0.9.5.tgz",
      "integrity": "sha1-FtbsLKAlkVKAiIQPgmymbjlPxP0="
    },
    "@firebase/component": {
      "version": "0.1.5",
      "resolved": "https://registry.npm.taobao.org/@firebase/component/download/@firebase/component-0.1.5.tgz",
      "integrity": "sha1-V4NjOQc+vrrVy/yB2D0FB7NjDKY=",
      "requires": {
        "@firebase/util": "0.2.40",
        "tslib": "1.10.0"
      }
    },
    "@firebase/database": {
      "version": "0.5.21",
      "resolved": "https://registry.npm.taobao.org/@firebase/database/download/@firebase/database-0.5.21.tgz",
      "integrity": "sha1-JUQ5mp4Bi6tCQVWZMsyuaprhyzU=",
      "requires": {
        "@firebase/auth-interop-types": "0.1.2",
        "@firebase/component": "0.1.5",
        "@firebase/database-types": "0.4.11",
        "@firebase/logger": "0.1.35",
        "@firebase/util": "0.2.40",
        "faye-websocket": "0.11.3",
        "tslib": "1.10.0"
      }
    },
    "@firebase/database-types": {
      "version": "0.4.11",
      "resolved": "https://registry.npm.taobao.org/@firebase/database-types/download/@firebase/database-types-0.4.11.tgz",
      "integrity": "sha1-92oeZo5yFaKFXe0qB0YBoJEda9s=",
      "requires": {
        "@firebase/app-types": "0.5.1"
      }
    },
    "@firebase/firestore": {
      "version": "1.10.2",
      "resolved": "https://registry.npm.taobao.org/@firebase/firestore/download/@firebase/firestore-1.10.2.tgz",
      "integrity": "sha1-GpUNUPF27cXsoGDR3xZeAW5FD3w=",
      "requires": {
        "@firebase/component": "0.1.5",
        "@firebase/firestore-types": "1.9.1",
        "@firebase/logger": "0.1.35",
        "@firebase/util": "0.2.40",
        "@firebase/webchannel-wrapper": "0.2.35",
        "@grpc/proto-loader": "^0.5.0",
        "grpc": "1.24.2",
        "tslib": "1.10.0"
      }
    },
    "@firebase/firestore-types": {
      "version": "1.9.1",
      "resolved": "https://registry.npm.taobao.org/@firebase/firestore-types/download/@firebase/firestore-types-1.9.1.tgz",
      "integrity": "sha1-KlNys/MUkBGG7b/US4mPkSDPOkg="
    },
    "@firebase/functions": {
      "version": "0.4.32",
      "resolved": "https://registry.npm.taobao.org/@firebase/functions/download/@firebase/functions-0.4.32.tgz?cache=0&sync_timestamp=1581639331823&other_urls=https%3A%2F%2Fregistry.npm.taobao.org%2F%40firebase%2Ffunctions%2Fdownload%2F%40firebase%2Ffunctions-0.4.32.tgz",
      "integrity": "sha1-HXO6BmtuIaSOGySeCIMRGU4olFE=",
      "requires": {
        "@firebase/component": "0.1.5",
        "@firebase/functions-types": "0.3.14",
        "@firebase/messaging-types": "0.4.2",
        "isomorphic-fetch": "2.2.1",
        "tslib": "1.10.0"
      }
    },
    "@firebase/functions-types": {
      "version": "0.3.14",
      "resolved": "https://registry.npm.taobao.org/@firebase/functions-types/download/@firebase/functions-types-0.3.14.tgz",
      "integrity": "sha1-ar3r/ibAiW4Bdu39F1AgEbaMMlk="
    },
    "@firebase/installations": {
      "version": "0.4.2",
      "resolved": "https://registry.npm.taobao.org/@firebase/installations/download/@firebase/installations-0.4.2.tgz?cache=0&sync_timestamp=1581639329658&other_urls=https%3A%2F%2Fregistry.npm.taobao.org%2F%40firebase%2Finstallations%2Fdownload%2F%40firebase%2Finstallations-0.4.2.tgz",
      "integrity": "sha1-Rxpsk2sCmqFeJQXceSV+KUdGddQ=",
      "requires": {
        "@firebase/component": "0.1.5",
        "@firebase/installations-types": "0.3.1",
        "@firebase/util": "0.2.40",
        "idb": "3.0.2",
        "tslib": "1.10.0"
      }
    },
    "@firebase/installations-types": {
      "version": "0.3.1",
      "resolved": "https://registry.npm.taobao.org/@firebase/installations-types/download/@firebase/installations-types-0.3.1.tgz",
      "integrity": "sha1-+fkmQWgIEGDvgAfRoCtaJTF8MXY="
    },
    "@firebase/logger": {
      "version": "0.1.35",
      "resolved": "https://registry.npm.taobao.org/@firebase/logger/download/@firebase/logger-0.1.35.tgz",
      "integrity": "sha1-6ZOOyl2BtytYG5pMkDH/69sx5W0="
    },
    "@firebase/messaging": {
      "version": "0.6.4",
      "resolved": "https://registry.npm.taobao.org/@firebase/messaging/download/@firebase/messaging-0.6.4.tgz?cache=0&sync_timestamp=1581639336188&other_urls=https%3A%2F%2Fregistry.npm.taobao.org%2F%40firebase%2Fmessaging%2Fdownload%2F%40firebase%2Fmessaging-0.6.4.tgz",
      "integrity": "sha1-YLZTfD6ubQm58WeMXi/s7Z282yg=",
      "requires": {
        "@firebase/component": "0.1.5",
        "@firebase/installations": "0.4.2",
        "@firebase/messaging-types": "0.4.2",
        "@firebase/util": "0.2.40",
        "idb": "3.0.2",
        "tslib": "1.10.0"
      }
    },
    "@firebase/messaging-types": {
      "version": "0.4.2",
      "resolved": "https://registry.npm.taobao.org/@firebase/messaging-types/download/@firebase/messaging-types-0.4.2.tgz",
      "integrity": "sha1-fNhIn7zOF8HzVTdkHEF4gyafrQI="
    },
    "@firebase/performance": {
      "version": "0.2.32",
      "resolved": "https://registry.npm.taobao.org/@firebase/performance/download/@firebase/performance-0.2.32.tgz?cache=0&sync_timestamp=1581639339865&other_urls=https%3A%2F%2Fregistry.npm.taobao.org%2F%40firebase%2Fperformance%2Fdownload%2F%40firebase%2Fperformance-0.2.32.tgz",
      "integrity": "sha1-D4VUD3/mFtIknqYFBHHws/rJhZg=",
      "requires": {
        "@firebase/component": "0.1.5",
        "@firebase/installations": "0.4.2",
        "@firebase/logger": "0.1.35",
        "@firebase/performance-types": "0.0.9",
        "@firebase/util": "0.2.40",
        "tslib": "1.10.0"
      }
    },
    "@firebase/performance-types": {
      "version": "0.0.9",
      "resolved": "https://registry.npm.taobao.org/@firebase/performance-types/download/@firebase/performance-types-0.0.9.tgz?cache=0&sync_timestamp=1581639338701&other_urls=https%3A%2F%2Fregistry.npm.taobao.org%2F%40firebase%2Fperformance-types%2Fdownload%2F%40firebase%2Fperformance-types-0.0.9.tgz",
      "integrity": "sha1-JyJ7kRSc9Xw/WxX8GiNP3HkaZa4="
    },
    "@firebase/polyfill": {
      "version": "0.3.31",
      "resolved": "https://registry.npm.taobao.org/@firebase/polyfill/download/@firebase/polyfill-0.3.31.tgz?cache=0&sync_timestamp=1581639333190&other_urls=https%3A%2F%2Fregistry.npm.taobao.org%2F%40firebase%2Fpolyfill%2Fdownload%2F%40firebase%2Fpolyfill-0.3.31.tgz",
      "integrity": "sha1-4ixRtuSBla14huvvJakA3rCGYOQ=",
      "requires": {
        "core-js": "3.6.2",
        "promise-polyfill": "8.1.3",
        "whatwg-fetch": "2.0.4"
      },
      "dependencies": {
        "whatwg-fetch": {
          "version": "2.0.4",
          "resolved": "https://registry.npm.taobao.org/whatwg-fetch/download/whatwg-fetch-2.0.4.tgz",
          "integrity": "sha1-3eal3zFfnTmZGqF2IYU9cguFVm8="
        }
      }
    },
    "@firebase/remote-config": {
      "version": "0.1.13",
      "resolved": "https://registry.npm.taobao.org/@firebase/remote-config/download/@firebase/remote-config-0.1.13.tgz?cache=0&sync_timestamp=1581639341071&other_urls=https%3A%2F%2Fregistry.npm.taobao.org%2F%40firebase%2Fremote-config%2Fdownload%2F%40firebase%2Fremote-config-0.1.13.tgz",
      "integrity": "sha1-SuKavyThP8ZzKdCaCOB/pmSG3ZI=",
      "requires": {
        "@firebase/component": "0.1.5",
        "@firebase/installations": "0.4.2",
        "@firebase/logger": "0.1.35",
        "@firebase/remote-config-types": "0.1.6",
        "@firebase/util": "0.2.40",
        "tslib": "1.10.0"
      }
    },
    "@firebase/remote-config-types": {
      "version": "0.1.6",
      "resolved": "https://registry.npm.taobao.org/@firebase/remote-config-types/download/@firebase/remote-config-types-0.1.6.tgz?cache=0&sync_timestamp=1581639339404&other_urls=https%3A%2F%2Fregistry.npm.taobao.org%2F%40firebase%2Fremote-config-types%2Fdownload%2F%40firebase%2Fremote-config-types-0.1.6.tgz",
      "integrity": "sha1-n4Hl7e5nscKiWM9gnHxVFKBXXoY="
    },
    "@firebase/storage": {
      "version": "0.3.26",
      "resolved": "https://registry.npm.taobao.org/@firebase/storage/download/@firebase/storage-0.3.26.tgz?cache=0&sync_timestamp=1581639337664&other_urls=https%3A%2F%2Fregistry.npm.taobao.org%2F%40firebase%2Fstorage%2Fdownload%2F%40firebase%2Fstorage-0.3.26.tgz",
      "integrity": "sha1-QGggkoHlafGC/IowSgzBNgEZW74=",
      "requires": {
        "@firebase/component": "0.1.5",
        "@firebase/storage-types": "0.3.9",
        "@firebase/util": "0.2.40",
        "tslib": "1.10.0"
      }
    },
    "@firebase/storage-types": {
      "version": "0.3.9",
      "resolved": "https://registry.npm.taobao.org/@firebase/storage-types/download/@firebase/storage-types-0.3.9.tgz",
      "integrity": "sha1-Do9lMcgMYRDfgAtg1MMBN1REALA="
    },
    "@firebase/util": {
      "version": "0.2.40",
      "resolved": "https://registry.npm.taobao.org/@firebase/util/download/@firebase/util-0.2.40.tgz",
      "integrity": "sha1-uMM0N8Y+CHScTIcgJdcHIdaQqmk=",
      "requires": {
        "tslib": "1.10.0"
      }
    },
    "@firebase/webchannel-wrapper": {
      "version": "0.2.35",
      "resolved": "https://registry.npm.taobao.org/@firebase/webchannel-wrapper/download/@firebase/webchannel-wrapper-0.2.35.tgz",
      "integrity": "sha1-Iy6FdpjvswzdqYtvanoxqQXRYUc="
    },
    "@grpc/proto-loader": {
      "version": "0.5.3",
      "resolved": "https://registry.npm.taobao.org/@grpc/proto-loader/download/@grpc/proto-loader-0.5.3.tgz",
      "integrity": "sha1-ojMHByC/dWDE1w4p55UMclSaEyw=",
      "requires": {
        "lodash.camelcase": "^4.3.0",
        "protobufjs": "^6.8.6"
      }
    },
    "@protobufjs/aspromise": {
      "version": "1.1.2",
      "resolved": "https://registry.npm.taobao.org/@protobufjs/aspromise/download/@protobufjs/aspromise-1.1.2.tgz",
      "integrity": "sha1-m4sMxmPWaafY9vXQiToU00jzD78="
    },
    "@protobufjs/base64": {
      "version": "1.1.2",
      "resolved": "https://registry.npm.taobao.org/@protobufjs/base64/download/@protobufjs/base64-1.1.2.tgz",
      "integrity": "sha1-TIVzDlm5ofHzSQR9vyQpYDS7JzU="
    },
    "@protobufjs/codegen": {
      "version": "2.0.4",
      "resolved": "https://registry.npm.taobao.org/@protobufjs/codegen/download/@protobufjs/codegen-2.0.4.tgz",
      "integrity": "sha1-fvN/DQEPsCitGtWXIuUG2SYoFcs="
    },
    "@protobufjs/eventemitter": {
      "version": "1.1.0",
      "resolved": "https://registry.npm.taobao.org/@protobufjs/eventemitter/download/@protobufjs/eventemitter-1.1.0.tgz",
      "integrity": "sha1-NVy8mLr61ZePntCV85diHx0Ga3A="
    },
    "@protobufjs/fetch": {
      "version": "1.1.0",
      "resolved": "https://registry.npm.taobao.org/@protobufjs/fetch/download/@protobufjs/fetch-1.1.0.tgz",
      "integrity": "sha1-upn7WYYUr2VwDBYZ/wbUVLDYTEU=",
      "requires": {
        "@protobufjs/aspromise": "^1.1.1",
        "@protobufjs/inquire": "^1.1.0"
      }
    },
    "@protobufjs/float": {
      "version": "1.0.2",
      "resolved": "https://registry.npm.taobao.org/@protobufjs/float/download/@protobufjs/float-1.0.2.tgz",
      "integrity": "sha1-Xp4avctz/Ap8uLKR33jIy9l7h9E="
    },
    "@protobufjs/inquire": {
      "version": "1.1.0",
      "resolved": "https://registry.npm.taobao.org/@protobufjs/inquire/download/@protobufjs/inquire-1.1.0.tgz",
      "integrity": "sha1-/yAOPnzyQp4tyvwRQIKOjMY48Ik="
    },
    "@protobufjs/path": {
      "version": "1.1.2",
      "resolved": "https://registry.npm.taobao.org/@protobufjs/path/download/@protobufjs/path-1.1.2.tgz",
      "integrity": "sha1-bMKyDFya1q0NzP0hynZz2Nf79o0="
    },
    "@protobufjs/pool": {
      "version": "1.1.0",
      "resolved": "https://registry.npm.taobao.org/@protobufjs/pool/download/@protobufjs/pool-1.1.0.tgz",
      "integrity": "sha1-Cf0V8tbTq/qbZbw2ZQbWrXhG/1Q="
    },
    "@protobufjs/utf8": {
      "version": "1.1.0",
      "resolved": "https://registry.npm.taobao.org/@protobufjs/utf8/download/@protobufjs/utf8-1.1.0.tgz",
      "integrity": "sha1-p3c2C1s5oaLlEG+OhY8v0tBgxXA="
    },
    "@types/bytebuffer": {
      "version": "5.0.40",
      "resolved": "https://registry.npm.taobao.org/@types/bytebuffer/download/@types/bytebuffer-5.0.40.tgz",
      "integrity": "sha1-1vqsQNz7Cc2FbNxMAdNpC6U20+4=",
      "requires": {
        "@types/long": "*",
        "@types/node": "*"
      }
    },
    "@types/long": {
      "version": "4.0.1",
      "resolved": "https://registry.npm.taobao.org/@types/long/download/@types/long-4.0.1.tgz",
      "integrity": "sha1-RZxl+hhn2v5qjzIsTFFpVmPMVek="
    },
    "@types/node": {
      "version": "10.17.15",
      "resolved": "https://registry.npm.taobao.org/@types/node/download/@types/node-10.17.15.tgz",
      "integrity": "sha1-v/9OI+nnC+buxFBBnVHhjeHa+Oc="
    },
    "ansi-regex": {
      "version": "2.1.1",
      "resolved": "https://registry.npm.taobao.org/ansi-regex/download/ansi-regex-2.1.1.tgz",
      "integrity": "sha1-w7M6te42DYbg5ijwRorn7yfWVN8="
    },
    "ascli": {
      "version": "1.0.1",
      "resolved": "https://registry.npm.taobao.org/ascli/download/ascli-1.0.1.tgz",
      "integrity": "sha1-vPpZdKYvGOgcq660lzKrSoj5Brw=",
      "requires": {
        "colour": "~0.7.1",
        "optjs": "~3.2.2"
      }
    },
    "bytebuffer": {
      "version": "5.0.1",
      "resolved": "https://registry.npm.taobao.org/bytebuffer/download/bytebuffer-5.0.1.tgz",
      "integrity": "sha1-WC7qSxqHO20CCkjVjfhfC7ps/d0=",
      "requires": {
        "long": "~3"
      },
      "dependencies": {
        "long": {
          "version": "3.2.0",
          "resolved": "https://registry.npm.taobao.org/long/download/long-3.2.0.tgz?cache=0&other_urls=https%3A%2F%2Fregistry.npm.taobao.org%2Flong%2Fdownload%2Flong-3.2.0.tgz",
          "integrity": "sha1-2CG3E4yhy1gcFymQ7xTbIAtcR0s="
        }
      }
    },
    "camelcase": {
      "version": "2.1.1",
      "resolved": "https://registry.npm.taobao.org/camelcase/download/camelcase-2.1.1.tgz",
      "integrity": "sha1-fB0W1nmhu+WcoCys7PsBHiAfWh8="
    },
    "cliui": {
      "version": "3.2.0",
      "resolved": "https://registry.npm.taobao.org/cliui/download/cliui-3.2.0.tgz",
      "integrity": "sha1-EgYBU3qRbSmUD5NNo7SNWFo5IT0=",
      "requires": {
        "string-width": "^1.0.1",
        "strip-ansi": "^3.0.1",
        "wrap-ansi": "^2.0.0"
      }
    },
    "code-point-at": {
      "version": "1.1.0",
      "resolved": "https://registry.npm.taobao.org/code-point-at/download/code-point-at-1.1.0.tgz",
      "integrity": "sha1-DQcLTQQ6W+ozovGkDi7bPZpMz3c="
    },
    "colour": {
      "version": "0.7.1",
      "resolved": "https://registry.npm.taobao.org/colour/download/colour-0.7.1.tgz",
      "integrity": "sha1-nLFpkX7F0SwHNtPoaFdG3xyt93g="
    },
    "core-js": {
      "version": "3.6.2",
      "resolved": "https://registry.npm.taobao.org/core-js/download/core-js-3.6.2.tgz?cache=0&sync_timestamp=1578957241717&other_urls=https%3A%2F%2Fregistry.npm.taobao.org%2Fcore-js%2Fdownload%2Fcore-js-3.6.2.tgz",
      "integrity": "sha1-J5nqGlkFDwrPUN/om5FtZQOxbKo="
    },
    "decamelize": {
      "version": "1.2.0",
      "resolved": "https://registry.npm.taobao.org/decamelize/download/decamelize-1.2.0.tgz?cache=0&other_urls=https%3A%2F%2Fregistry.npm.taobao.org%2Fdecamelize%2Fdownload%2Fdecamelize-1.2.0.tgz",
      "integrity": "sha1-9lNNFRSCabIDUue+4m9QH5oZEpA="
    },
    "dom-storage": {
      "version": "2.1.0",
      "resolved": "https://registry.npm.taobao.org/dom-storage/download/dom-storage-2.1.0.tgz",
      "integrity": "sha1-APuGi8kgE1fqJDx7z9MwTB406jk="
    },
    "encoding": {
      "version": "0.1.12",
      "resolved": "https://registry.npm.taobao.org/encoding/download/encoding-0.1.12.tgz",
      "integrity": "sha1-U4tm8+5izRq1HsMjgp0flIDHS+s=",
      "requires": {
        "iconv-lite": "~0.4.13"
      }
    },
    "faye-websocket": {
      "version": "0.11.3",
      "resolved": "https://registry.npm.taobao.org/faye-websocket/download/faye-websocket-0.11.3.tgz",
      "integrity": "sha1-XA6aiWjokSwoZjn96XeosgnyUI4=",
      "requires": {
        "websocket-driver": ">=0.5.1"
      }
    },
    "firebase": {
      "version": "7.8.2",
      "resolved": "https://registry.npm.taobao.org/firebase/download/firebase-7.8.2.tgz?cache=0&sync_timestamp=1581639342733&other_urls=https%3A%2F%2Fregistry.npm.taobao.org%2Ffirebase%2Fdownload%2Ffirebase-7.8.2.tgz",
      "integrity": "sha1-a6J1ZFF6N23uY9vnjaR7+QhGuNk=",
      "requires": {
        "@firebase/analytics": "0.2.13",
        "@firebase/app": "0.5.4",
        "@firebase/app-types": "0.5.1",
        "@firebase/auth": "0.13.5",
        "@firebase/database": "0.5.21",
        "@firebase/firestore": "1.10.2",
        "@firebase/functions": "0.4.32",
        "@firebase/installations": "0.4.2",
        "@firebase/messaging": "0.6.4",
        "@firebase/performance": "0.2.32",
        "@firebase/polyfill": "0.3.31",
        "@firebase/remote-config": "0.1.13",
        "@firebase/storage": "0.3.26",
        "@firebase/util": "0.2.40"
      }
    },
    "grpc": {
      "version": "1.24.2",
      "resolved": "https://registry.npm.taobao.org/grpc/download/grpc-1.24.2.tgz",
      "integrity": "sha1-dtBHv6ewW2B8u+OruZBl3O/gwJk=",
      "requires": {
        "@types/bytebuffer": "^5.0.40",
        "lodash.camelcase": "^4.3.0",
        "lodash.clone": "^4.5.0",
        "nan": "^2.13.2",
        "node-pre-gyp": "^0.14.0",
        "protobufjs": "^5.0.3"
      },
      "dependencies": {
        "abbrev": {
          "version": "1.1.1",
          "bundled": true
        },
        "ansi-regex": {
          "version": "2.1.1",
          "bundled": true
        },
        "aproba": {
          "version": "1.2.0",
          "bundled": true
        },
        "are-we-there-yet": {
          "version": "1.1.5",
          "bundled": true,
          "requires": {
            "delegates": "^1.0.0",
            "readable-stream": "^2.0.6"
          }
        },
        "balanced-match": {
          "version": "1.0.0",
          "bundled": true
        },
        "brace-expansion": {
          "version": "1.1.11",
          "bundled": true,
          "requires": {
            "balanced-match": "^1.0.0",
            "concat-map": "0.0.1"
          }
        },
        "chownr": {
          "version": "1.1.3",
          "bundled": true
        },
        "code-point-at": {
          "version": "1.1.0",
          "bundled": true
        },
        "concat-map": {
          "version": "0.0.1",
          "bundled": true
        },
        "console-control-strings": {
          "version": "1.1.0",
          "bundled": true
        },
        "core-util-is": {
          "version": "1.0.2",
          "bundled": true
        },
        "debug": {
          "version": "3.2.6",
          "bundled": true,
          "requires": {
            "ms": "^2.1.1"
          }
        },
        "deep-extend": {
          "version": "0.6.0",
          "bundled": true
        },
        "delegates": {
          "version": "1.0.0",
          "bundled": true
        },
        "detect-libc": {
          "version": "1.0.3",
          "bundled": true
        },
        "fs-minipass": {
          "version": "1.2.7",
          "bundled": true,
          "requires": {
            "minipass": "^2.6.0"
          }
        },
        "fs.realpath": {
          "version": "1.0.0",
          "bundled": true
        },
        "gauge": {
          "version": "2.7.4",
          "bundled": true,
          "requires": {
            "aproba": "^1.0.3",
            "console-control-strings": "^1.0.0",
            "has-unicode": "^2.0.0",
            "object-assign": "^4.1.0",
            "signal-exit": "^3.0.0",
            "string-width": "^1.0.1",
            "strip-ansi": "^3.0.1",
            "wide-align": "^1.1.0"
          }
        },
        "glob": {
          "version": "7.1.4",
          "bundled": true,
          "requires": {
            "fs.realpath": "^1.0.0",
            "inflight": "^1.0.4",
            "inherits": "2",
            "minimatch": "^3.0.4",
            "once": "^1.3.0",
            "path-is-absolute": "^1.0.0"
          }
        },
        "has-unicode": {
          "version": "2.0.1",
          "bundled": true
        },
        "iconv-lite": {
          "version": "0.4.24",
          "bundled": true,
          "requires": {
            "safer-buffer": ">= 2.1.2 < 3"
          }
        },
        "ignore-walk": {
          "version": "3.0.3",
          "bundled": true,
          "requires": {
            "minimatch": "^3.0.4"
          }
        },
        "inflight": {
          "version": "1.0.6",
          "bundled": true,
          "requires": {
            "once": "^1.3.0",
            "wrappy": "1"
          }
        },
        "inherits": {
          "version": "2.0.4",
          "bundled": true
        },
        "ini": {
          "version": "1.3.5",
          "bundled": true
        },
        "is-fullwidth-code-point": {
          "version": "1.0.0",
          "bundled": true,
          "requires": {
            "number-is-nan": "^1.0.0"
          }
        },
        "isarray": {
          "version": "1.0.0",
          "bundled": true
        },
        "minimatch": {
          "version": "3.0.4",
          "bundled": true,
          "requires": {
            "brace-expansion": "^1.1.7"
          }
        },
        "minimist": {
          "version": "1.2.0",
          "bundled": true
        },
        "minipass": {
          "version": "2.9.0",
          "bundled": true,
          "requires": {
            "safe-buffer": "^5.1.2",
            "yallist": "^3.0.0"
          }
        },
        "minizlib": {
          "version": "1.3.3",
          "bundled": true,
          "requires": {
            "minipass": "^2.9.0"
          }
        },
        "mkdirp": {
          "version": "0.5.1",
          "bundled": true,
          "requires": {
            "minimist": "0.0.8"
          },
          "dependencies": {
            "minimist": {
              "version": "0.0.8",
              "bundled": true
            }
          }
        },
        "ms": {
          "version": "2.1.2",
          "bundled": true
        },
        "needle": {
          "version": "2.4.0",
          "bundled": true,
          "requires": {
            "debug": "^3.2.6",
            "iconv-lite": "^0.4.4",
            "sax": "^1.2.4"
          }
        },
        "node-pre-gyp": {
          "version": "0.14.0",
          "bundled": true,
          "requires": {
            "detect-libc": "^1.0.2",
            "mkdirp": "^0.5.1",
            "needle": "^2.2.1",
            "nopt": "^4.0.1",
            "npm-packlist": "^1.1.6",
            "npmlog": "^4.0.2",
            "rc": "^1.2.7",
            "rimraf": "^2.6.1",
            "semver": "^5.3.0",
            "tar": "^4.4.2"
          }
        },
        "nopt": {
          "version": "4.0.1",
          "bundled": true,
          "requires": {
            "abbrev": "1",
            "osenv": "^0.1.4"
          }
        },
        "npm-bundled": {
          "version": "1.0.6",
          "bundled": true
        },
        "npm-packlist": {
          "version": "1.4.6",
          "bundled": true,
          "requires": {
            "ignore-walk": "^3.0.1",
            "npm-bundled": "^1.0.1"
          }
        },
        "npmlog": {
          "version": "4.1.2",
          "bundled": true,
          "requires": {
            "are-we-there-yet": "~1.1.2",
            "console-control-strings": "~1.1.0",
            "gauge": "~2.7.3",
            "set-blocking": "~2.0.0"
          }
        },
        "number-is-nan": {
          "version": "1.0.1",
          "bundled": true
        },
        "object-assign": {
          "version": "4.1.1",
          "bundled": true
        },
        "once": {
          "version": "1.4.0",
          "bundled": true,
          "requires": {
            "wrappy": "1"
          }
        },
        "os-homedir": {
          "version": "1.0.2",
          "bundled": true
        },
        "os-tmpdir": {
          "version": "1.0.2",
          "bundled": true
        },
        "osenv": {
          "version": "0.1.5",
          "bundled": true,
          "requires": {
            "os-homedir": "^1.0.0",
            "os-tmpdir": "^1.0.0"
          }
        },
        "path-is-absolute": {
          "version": "1.0.1",
          "bundled": true
        },
        "process-nextick-args": {
          "version": "2.0.1",
          "bundled": true
        },
        "protobufjs": {
          "version": "5.0.3",
          "resolved": "https://registry.npm.taobao.org/protobufjs/download/protobufjs-5.0.3.tgz",
          "integrity": "sha1-5N/p+2fJCyYw0VhoJJvMSWFGehc=",
          "requires": {
            "ascli": "~1",
            "bytebuffer": "~5",
            "glob": "^7.0.5",
            "yargs": "^3.10.0"
          }
        },
        "rc": {
          "version": "1.2.8",
          "bundled": true,
          "requires": {
            "deep-extend": "^0.6.0",
            "ini": "~1.3.0",
            "minimist": "^1.2.0",
            "strip-json-comments": "~2.0.1"
          }
        },
        "readable-stream": {
          "version": "2.3.6",
          "bundled": true,
          "requires": {
            "core-util-is": "~1.0.0",
            "inherits": "~2.0.3",
            "isarray": "~1.0.0",
            "process-nextick-args": "~2.0.0",
            "safe-buffer": "~5.1.1",
            "string_decoder": "~1.1.1",
            "util-deprecate": "~1.0.1"
          }
        },
        "rimraf": {
          "version": "2.7.1",
          "bundled": true,
          "requires": {
            "glob": "^7.1.3"
          }
        },
        "safe-buffer": {
          "version": "5.1.2",
          "bundled": true
        },
        "safer-buffer": {
          "version": "2.1.2",
          "bundled": true
        },
        "sax": {
          "version": "1.2.4",
          "bundled": true
        },
        "semver": {
          "version": "5.7.1",
          "bundled": true
        },
        "set-blocking": {
          "version": "2.0.0",
          "bundled": true
        },
        "signal-exit": {
          "version": "3.0.2",
          "bundled": true
        },
        "string-width": {
          "version": "1.0.2",
          "bundled": true,
          "requires": {
            "code-point-at": "^1.0.0",
            "is-fullwidth-code-point": "^1.0.0",
            "strip-ansi": "^3.0.0"
          }
        },
        "string_decoder": {
          "version": "1.1.1",
          "bundled": true,
          "requires": {
            "safe-buffer": "~5.1.0"
          }
        },
        "strip-ansi": {
          "version": "3.0.1",
          "bundled": true,
          "requires": {
            "ansi-regex": "^2.0.0"
          }
        },
        "strip-json-comments": {
          "version": "2.0.1",
          "bundled": true
        },
        "tar": {
          "version": "4.4.13",
          "bundled": true,
          "requires": {
            "chownr": "^1.1.1",
            "fs-minipass": "^1.2.5",
            "minipass": "^2.8.6",
            "minizlib": "^1.2.1",
            "mkdirp": "^0.5.0",
            "safe-buffer": "^5.1.2",
            "yallist": "^3.0.3"
          }
        },
        "util-deprecate": {
          "version": "1.0.2",
          "bundled": true
        },
        "wide-align": {
          "version": "1.1.3",
          "bundled": true,
          "requires": {
            "string-width": "^1.0.2 || 2"
          }
        },
        "wrappy": {
          "version": "1.0.2",
          "bundled": true
        },
        "yallist": {
          "version": "3.1.1",
          "bundled": true
        }
      }
    },
    "http-parser-js": {
      "version": "0.4.10",
      "resolved": "https://registry.npm.taobao.org/http-parser-js/download/http-parser-js-0.4.10.tgz",
      "integrity": "sha1-ksnBN0w1CF912zWexWzCV8u5P6Q="
    },
    "iconv-lite": {
      "version": "0.4.24",
      "resolved": "https://registry.npm.taobao.org/iconv-lite/download/iconv-lite-0.4.24.tgz?cache=0&other_urls=https%3A%2F%2Fregistry.npm.taobao.org%2Ficonv-lite%2Fdownload%2Ficonv-lite-0.4.24.tgz",
      "integrity": "sha1-ICK0sl+93CHS9SSXSkdKr+czkIs=",
      "requires": {
        "safer-buffer": ">= 2.1.2 < 3"
      }
    },
    "idb": {
      "version": "3.0.2",
      "resolved": "https://registry.npm.taobao.org/idb/download/idb-3.0.2.tgz",
      "integrity": "sha1-yOkSLV3dQPE7YK5mXkhi+LE/o4Q="
    },
    "invert-kv": {
      "version": "1.0.0",
      "resolved": "https://registry.npm.taobao.org/invert-kv/download/invert-kv-1.0.0.tgz",
      "integrity": "sha1-EEqOSqym09jNFXqO+L+rLXo//bY="
    },
    "is-fullwidth-code-point": {
      "version": "1.0.0",
      "resolved": "https://registry.npm.taobao.org/is-fullwidth-code-point/download/is-fullwidth-code-point-1.0.0.tgz",
      "integrity": "sha1-754xOG8DGn8NZDr4L95QxFfvAMs=",
      "requires": {
        "number-is-nan": "^1.0.0"
      }
    },
    "is-stream": {
      "version": "1.1.0",
      "resolved": "https://registry.npm.taobao.org/is-stream/download/is-stream-1.1.0.tgz",
      "integrity": "sha1-EtSj3U5o4Lec6428hBc66A2RykQ="
    },
    "isomorphic-fetch": {
      "version": "2.2.1",
      "resolved": "https://registry.npm.taobao.org/isomorphic-fetch/download/isomorphic-fetch-2.2.1.tgz",
      "integrity": "sha1-YRrhrPFPXoH3KVB0coGf6XM1WKk=",
      "requires": {
        "node-fetch": "^1.0.1",
        "whatwg-fetch": ">=0.10.0"
      }
    },
    "lcid": {
      "version": "1.0.0",
      "resolved": "https://registry.npm.taobao.org/lcid/download/lcid-1.0.0.tgz",
      "integrity": "sha1-MIrMr6C8SDo4Z7S28rlQYlHRuDU=",
      "requires": {
        "invert-kv": "^1.0.0"
      }
    },
    "lodash.camelcase": {
      "version": "4.3.0",
      "resolved": "https://registry.npm.taobao.org/lodash.camelcase/download/lodash.camelcase-4.3.0.tgz",
      "integrity": "sha1-soqmKIorn8ZRA1x3EfZathkDMaY="
    },
    "lodash.clone": {
      "version": "4.5.0",
      "resolved": "https://registry.npm.taobao.org/lodash.clone/download/lodash.clone-4.5.0.tgz",
      "integrity": "sha1-GVhwRQ9aExkkeN9Lw9I9LeoZB7Y="
    },
    "long": {
      "version": "4.0.0",
      "resolved": "https://registry.npm.taobao.org/long/download/long-4.0.0.tgz?cache=0&other_urls=https%3A%2F%2Fregistry.npm.taobao.org%2Flong%2Fdownload%2Flong-4.0.0.tgz",
      "integrity": "sha1-mntxz7fTYaGU6lVSQckvdGjVvyg="
    },
    "nan": {
      "version": "2.14.0",
      "resolved": "https://registry.npm.taobao.org/nan/download/nan-2.14.0.tgz",
      "integrity": "sha1-eBj3IgJ7JFmobwKV1DTR/CM2xSw="
    },
    "node-fetch": {
      "version": "1.7.3",
      "resolved": "https://registry.npm.taobao.org/node-fetch/download/node-fetch-1.7.3.tgz",
      "integrity": "sha1-mA9vcthSEaU0fGsrwYxbhMPrR+8=",
      "requires": {
        "encoding": "^0.1.11",
        "is-stream": "^1.0.1"
      }
    },
    "number-is-nan": {
      "version": "1.0.1",
      "resolved": "https://registry.npm.taobao.org/number-is-nan/download/number-is-nan-1.0.1.tgz",
      "integrity": "sha1-CXtgK1NCKlIsGvuHkDGDNpQaAR0="
    },
    "optjs": {
      "version": "3.2.2",
      "resolved": "https://registry.npm.taobao.org/optjs/download/optjs-3.2.2.tgz",
      "integrity": "sha1-aabOicRCpEQDFBrS+bNwvVu29O4="
    },
    "os-locale": {
      "version": "1.4.0",
      "resolved": "https://registry.npm.taobao.org/os-locale/download/os-locale-1.4.0.tgz?cache=0&sync_timestamp=1560274285880&other_urls=https%3A%2F%2Fregistry.npm.taobao.org%2Fos-locale%2Fdownload%2Fos-locale-1.4.0.tgz",
      "integrity": "sha1-IPnxeuKe00XoveWDsT0gCYA8FNk=",
      "requires": {
        "lcid": "^1.0.0"
      }
    },
    "promise-polyfill": {
      "version": "8.1.3",
      "resolved": "https://registry.npm.taobao.org/promise-polyfill/download/promise-polyfill-8.1.3.tgz",
      "integrity": "sha1-jJmzz1PzqRxoIm/9573oHX+QQRY="
    },
    "protobufjs": {
      "version": "6.8.8",
      "resolved": "https://registry.npm.taobao.org/protobufjs/download/protobufjs-6.8.8.tgz",
      "integrity": "sha1-yLTxKC/XqQ5vWxCe0RyEr4KQjnw=",
      "requires": {
        "@protobufjs/aspromise": "^1.1.2",
        "@protobufjs/base64": "^1.1.2",
        "@protobufjs/codegen": "^2.0.4",
        "@protobufjs/eventemitter": "^1.1.0",
        "@protobufjs/fetch": "^1.1.0",
        "@protobufjs/float": "^1.0.2",
        "@protobufjs/inquire": "^1.1.0",
        "@protobufjs/path": "^1.1.2",
        "@protobufjs/pool": "^1.1.0",
        "@protobufjs/utf8": "^1.1.0",
        "@types/long": "^4.0.0",
        "@types/node": "^10.1.0",
        "long": "^4.0.0"
      }
    },
    "safe-buffer": {
      "version": "5.2.0",
      "resolved": "https://registry.npm.taobao.org/safe-buffer/download/safe-buffer-5.2.0.tgz",
      "integrity": "sha1-t02uxJsRSPiMZLaNSbHoFcHy9Rk="
    },
    "safer-buffer": {
      "version": "2.1.2",
      "resolved": "https://registry.npm.taobao.org/safer-buffer/download/safer-buffer-2.1.2.tgz?cache=0&other_urls=https%3A%2F%2Fregistry.npm.taobao.org%2Fsafer-buffer%2Fdownload%2Fsafer-buffer-2.1.2.tgz",
      "integrity": "sha1-RPoWGwGHuVSd2Eu5GAL5vYOFzWo="
    },
    "string-width": {
      "version": "1.0.2",
      "resolved": "https://registry.npm.taobao.org/string-width/download/string-width-1.0.2.tgz",
      "integrity": "sha1-EYvfW4zcUaKn5w0hHgfisLmxB9M=",
      "requires": {
        "code-point-at": "^1.0.0",
        "is-fullwidth-code-point": "^1.0.0",
        "strip-ansi": "^3.0.0"
      }
    },
    "strip-ansi": {
      "version": "3.0.1",
      "resolved": "https://registry.npm.taobao.org/strip-ansi/download/strip-ansi-3.0.1.tgz",
      "integrity": "sha1-ajhfuIU9lS1f8F0Oiq+UJ43GPc8=",
      "requires": {
        "ansi-regex": "^2.0.0"
      }
    },
    "tslib": {
      "version": "1.10.0",
      "resolved": "https://registry.npm.taobao.org/tslib/download/tslib-1.10.0.tgz",
      "integrity": "sha1-w8GflZc/sKYpc/sJ2Q2WHuQ+XIo="
    },
    "websocket-driver": {
      "version": "0.7.3",
      "resolved": "https://registry.npm.taobao.org/websocket-driver/download/websocket-driver-0.7.3.tgz",
      "integrity": "sha1-otTg1PTxFvHmKX66WLBdQwEA6fk=",
      "requires": {
        "http-parser-js": ">=0.4.0 <0.4.11",
        "safe-buffer": ">=5.1.0",
        "websocket-extensions": ">=0.1.1"
      }
    },
    "websocket-extensions": {
      "version": "0.1.3",
      "resolved": "https://registry.npm.taobao.org/websocket-extensions/download/websocket-extensions-0.1.3.tgz",
      "integrity": "sha1-XS/yKXcAPsaHpLhwc9+7rBRszyk="
    },
    "whatwg-fetch": {
      "version": "3.0.0",
      "resolved": "https://registry.npm.taobao.org/whatwg-fetch/download/whatwg-fetch-3.0.0.tgz",
      "integrity": "sha1-/IBORYzEYACbGiuWa8iBfSV4rvs="
    },
    "window-size": {
      "version": "0.1.4",
      "resolved": "https://registry.npm.taobao.org/window-size/download/window-size-0.1.4.tgz?cache=0&other_urls=https%3A%2F%2Fregistry.npm.taobao.org%2Fwindow-size%2Fdownload%2Fwindow-size-0.1.4.tgz",
      "integrity": "sha1-+OGqHuWlPsW/FR/6CXQqatdpeHY="
    },
    "wrap-ansi": {
      "version": "2.1.0",
      "resolved": "https://registry.npm.taobao.org/wrap-ansi/download/wrap-ansi-2.1.0.tgz",
      "integrity": "sha1-2Pw9KE3QV5T+hJc8rs3Rz4JP3YU=",
      "requires": {
        "string-width": "^1.0.1",
        "strip-ansi": "^3.0.1"
      }
    },
    "xmlhttprequest": {
      "version": "1.8.0",
      "resolved": "https://registry.npm.taobao.org/xmlhttprequest/download/xmlhttprequest-1.8.0.tgz",
      "integrity": "sha1-Z/4HXFwk/vOfnWX197f+dRcZaPw="
    },
    "y18n": {
      "version": "3.2.1",
      "resolved": "https://registry.npm.taobao.org/y18n/download/y18n-3.2.1.tgz",
      "integrity": "sha1-bRX7qITAhnnA136I53WegR4H+kE="
    },
    "yargs": {
      "version": "3.32.0",
      "resolved": "https://registry.npm.taobao.org/yargs/download/yargs-3.32.0.tgz?cache=0&sync_timestamp=1577940861093&other_urls=https%3A%2F%2Fregistry.npm.taobao.org%2Fyargs%2Fdownload%2Fyargs-3.32.0.tgz",
      "integrity": "sha1-AwiOnr+edWtpdRYR0qXvWRSCyZU=",
      "requires": {
        "camelcase": "^2.0.1",
        "cliui": "^3.0.3",
        "decamelize": "^1.1.1",
        "os-locale": "^1.4.0",
        "string-width": "^1.0.1",
        "window-size": "^0.1.4",
        "y18n": "^3.2.0"
      }
    }
  }
}
