{
  "requires": true,
  "lockfileVersion": 1,
  "dependencies": {
    "@ionic-native/keyboard": {
      "version": "5.22.0",
      "resolved": "https://registry.npm.taobao.org/@ionic-native/keyboard/download/@ionic-native/keyboard-5.22.0.tgz",
      "integrity": "sha1-Wqm0p3cvEK81p97Ur41QwlOIl24=",
      "requires": {
        "@types/cordova": "^0.0.34"
      }
    },
    "@types/cordova": {
      "version": "0.0.34",
      "resolved": "https://registry.npm.taobao.org/@types/cordova/download/@types/cordova-0.0.34.tgz",
      "integrity": "sha1-6nrd907Ow9dimCegw54smt3HPQQ="
    }
  }
}
